{
  "name": "ionic",
  "version": "1.0.0",
  "lockfileVersion": 2,
  "requires": true,
  "packages": {
    "": {
      "name": "ionictest",
      "version": "1.0.0",
      "license": "ISC",
      "dependencies": {
        "@ionic/angular": "^7.1.2"
      }
    },
    "node_modules/@angular/common": {
      "version": "16.1.4",
      "resolved": "https://registry.npmjs.org/@angular/common/-/common-16.1.4.tgz",
      "integrity": "sha512-SDA8GZVY0nXCJaNUy13L22jAKuk1LZgQ6QzqOpqQc50C25bfBQbYv68PKjHCjQ62VxGKnDSTT85xCMNx+y/U4g==",
      "peer": true,
      "dependencies": {
        "tslib": "^2.3.0"
      },
      "engines": {
        "node": "^16.14.0 || >=18.10.0"
      },
      "peerDependencies": {
        "@angular/core": "16.1.4",
        "rxjs": "^6.5.3 || ^7.4.0"
      }
    },
    "node_modules/@angular/core": {
      "version": "16.1.4",
      "resolved": "https://registry.npmjs.org/@angular/core/-/core-16.1.4.tgz",
      "integrity": "sha512-eWs++peAp+Lm2SHGfMsHAye2IOmlDKkVJ4dFf4TaZXW+AEev3FXKXLFp+dBUq8YkCKly7iAV26NXEUBOFFtplQ==",
      "peer": true,
      "dependencies": {
        "tslib": "^2.3.0"
      },
      "engines": {
        "node": "^16.14.0 || >=18.10.0"
      },
      "peerDependencies": {
        "rxjs": "^6.5.3 || ^7.4.0",
        "zone.js": "~0.13.0"
      }
    },
    "node_modules/@angular/forms": {
      "version": "16.1.4",
      "resolved": "https://registry.npmjs.org/@angular/forms/-/forms-16.1.4.tgz",
      "integrity": "sha512-JLhO7gM0WyTfr6tEWZMiCGikWLgaC/a2+tuxWsSlXUjlrbE4DyLzSAA6JqyDCFTvm9B/QzRPDfgExLTTZJY4eQ==",
      "peer": true,
      "dependencies": {
        "tslib": "^2.3.0"
      },
      "engines": {
        "node": "^16.14.0 || >=18.10.0"
      },
      "peerDependencies": {
        "@angular/common": "16.1.4",
        "@angular/core": "16.1.4",
        "@angular/platform-browser": "16.1.4",
        "rxjs": "^6.5.3 || ^7.4.0"
      }
    },
    "node_modules/@angular/platform-browser": {
      "version": "16.1.4",
      "resolved": "https://registry.npmjs.org/@angular/platform-browser/-/platform-browser-16.1.4.tgz",
      "integrity": "sha512-eQ1dBh/6ZwJVeiNGrcW6ePFmWeS+Oheu1RpuZSsvM/fI6qfsZE+or9IJ61SFvsMs65SbrO90Akc+ZXmpEidPdA==",
      "peer": true,
      "dependencies": {
        "tslib": "^2.3.0"
      },
      "engines": {
        "node": "^16.14.0 || >=18.10.0"
      },
      "peerDependencies": {
        "@angular/animations": "16.1.4",
        "@angular/common": "16.1.4",
        "@angular/core": "16.1.4"
      },
      "peerDependenciesMeta": {
        "@angular/animations": {
          "optional": true
        }
      }
    },
    "node_modules/@angular/router": {
      "version": "16.1.4",
      "resolved": "https://registry.npmjs.org/@angular/router/-/router-16.1.4.tgz",
      "integrity": "sha512-ooAK7XsY7fLW80htej9jHmct37biK77aNApCdiY+KlLdd45x//ObGxRYXcSSyvs7mRS0AMTGuA/G7/5AMcqcZg==",
      "peer": true,
      "dependencies": {
        "tslib": "^2.3.0"
      },
      "engines": {
        "node": "^16.14.0 || >=18.10.0"
      },
      "peerDependencies": {
        "@angular/common": "16.1.4",
        "@angular/core": "16.1.4",
        "@angular/platform-browser": "16.1.4",
        "rxjs": "^6.5.3 || ^7.4.0"
      }
    },
    "node_modules/@ionic/angular": {
      "version": "7.1.2",
      "resolved": "https://registry.npmjs.org/@ionic/angular/-/angular-7.1.2.tgz",
      "integrity": "sha512-4uR6quaL8HKOHDZuFIVOow1xv6+pW4zKrY6+s78q2SKQd8P+QkPQmZQlVkQfJKk5YwcgZEg2uZox/wOA4qXHEw==",
      "dependencies": {
        "@ionic/core": "7.1.2",
        "ionicons": "^7.0.0",
        "jsonc-parser": "^3.0.0",
        "tslib": "^2.3.0"
      },
      "peerDependencies": {
        "@angular/core": ">=14.0.0",
        "@angular/forms": ">=14.0.0",
        "@angular/router": ">=14.0.0",
        "rxjs": ">=7.5.0",
        "zone.js": ">=0.11.0"
      }
    },
    "node_modules/@ionic/core": {
      "version": "7.1.2",
      "resolved": "https://registry.npmjs.org/@ionic/core/-/core-7.1.2.tgz",
      "integrity": "sha512-Etq4N/KnKAt4NJU/kI8BwmCSgr2S87xADgJzUD1JxlruUWwX/qAm7ES3gF8BXv9kEKYqhuqLgCHdJM/HnGmWpA==",
      "dependencies": {
        "@stencil/core": "^3.4.1",
        "ionicons": "7.1.0",
        "tslib": "^2.1.0"
      }
    },
    "node_modules/@ionic/core/node_modules/ionicons": {
      "version": "7.1.0",
      "resolved": "https://registry.npmjs.org/ionicons/-/ionicons-7.1.0.tgz",
      "integrity": "sha512-iE4GuEdEHARJpp0sWL7WJZCzNCf5VxpNRhAjW0fLnZPnNL5qZOJUcfup2Z2Ty7Jk8Q5hacrHfGEB1lCwOdXqGg==",
      "dependencies": {
        "@stencil/core": "^2.18.0"
      }
    },
    "node_modules/@ionic/core/node_modules/ionicons/node_modules/@stencil/core": {
      "version": "2.22.3",
      "resolved": "https://registry.npmjs.org/@stencil/core/-/core-2.22.3.tgz",
      "integrity": "sha512-kmVA0M/HojwsfkeHsifvHVIYe4l5tin7J5+DLgtl8h6WWfiMClND5K3ifCXXI2ETDNKiEk21p6jql3Fx9o2rng==",
      "bin": {
        "stencil": "bin/stencil"
      },
      "engines": {
        "node": ">=12.10.0",
        "npm": ">=6.0.0"
      }
    },
    "node_modules/@stencil/core": {
      "version": "3.4.1",
      "resolved": "https://registry.npmjs.org/@stencil/core/-/core-3.4.1.tgz",
      "integrity": "sha512-7rjOmM0W9K5op2gtOQRLERGH1155rv2fm6ppxOzYqqG8ISct4m9skp5XgUBYPu+GSPsJFdRuCIQs0IuVsG/7+g==",
      "bin": {
        "stencil": "bin/stencil"
      },
      "engines": {
        "node": ">=14.10.0",
        "npm": ">=6.0.0"
      }
    },
    "node_modules/ionicons": {
      "version": "7.1.2",
      "resolved": "https://registry.npmjs.org/ionicons/-/ionicons-7.1.2.tgz",
      "integrity": "sha512-zZ4njAqSP39H8RRvZhJvkHsv7cBjYE/VfInH218Osf2UVxJITSOutTTd25MW+tAXKN5fheYzclUXUsF55JHUDg==",
      "dependencies": {
        "@stencil/core": "^2.18.0"
      }
    },
    "node_modules/ionicons/node_modules/@stencil/core": {
      "version": "2.22.3",
      "resolved": "https://registry.npmjs.org/@stencil/core/-/core-2.22.3.tgz",
      "integrity": "sha512-kmVA0M/HojwsfkeHsifvHVIYe4l5tin7J5+DLgtl8h6WWfiMClND5K3ifCXXI2ETDNKiEk21p6jql3Fx9o2rng==",
      "bin": {
        "stencil": "bin/stencil"
      },
      "engines": {
        "node": ">=12.10.0",
        "npm": ">=6.0.0"
      }
    },
    "node_modules/jsonc-parser": {
      "version": "3.2.0",
      "resolved": "https://registry.npmjs.org/jsonc-parser/-/jsonc-parser-3.2.0.tgz",
      "integrity": "sha512-gfFQZrcTc8CnKXp6Y4/CBT3fTc0OVuDofpre4aEeEpSBPV5X5v4+Vmx+8snU7RLPrNHPKSgLxGo9YuQzz20o+w=="
    },
    "node_modules/rxjs": {
      "version": "7.8.1",
      "resolved": "https://registry.npmjs.org/rxjs/-/rxjs-7.8.1.tgz",
      "integrity": "sha512-AA3TVj+0A2iuIoQkWEK/tqFjBq2j+6PO6Y0zJcvzLAFhEFIO3HL0vls9hWLncZbAAbK0mar7oZ4V079I/qPMxg==",
      "peer": true,
      "dependencies": {
        "tslib": "^2.1.0"
      }
    },
    "node_modules/tslib": {
      "version": "2.6.0",
      "resolved": "https://registry.npmjs.org/tslib/-/tslib-2.6.0.tgz",
      "integrity": "sha512-7At1WUettjcSRHXCyYtTselblcHl9PJFFVKiCAy/bY97+BPZXSQ2wbq0P9s8tK2G7dFQfNnlJnPAiArVBVBsfA=="
    },
    "node_modules/zone.js": {
      "version": "0.13.1",
      "resolved": "https://registry.npmjs.org/zone.js/-/zone.js-0.13.1.tgz",
      "integrity": "sha512-+bIeDAFEBYuXRuU3qGQvzdPap+N1zjM4KkBAiiQuVVCrHrhjDuY6VkUhNa5+U27+9w0q3fbKiMCbpJ0XzMmSWA==",
      "peer": true,
      "dependencies": {
        "tslib": "^2.3.0"
      }
    }
  },
  "dependencies": {
    "@angular/common": {
      "version": "16.1.4",
      "resolved": "https://registry.npmjs.org/@angular/common/-/common-16.1.4.tgz",
      "integrity": "sha512-SDA8GZVY0nXCJaNUy13L22jAKuk1LZgQ6QzqOpqQc50C25bfBQbYv68PKjHCjQ62VxGKnDSTT85xCMNx+y/U4g==",
      "peer": true,
      "requires": {
        "tslib": "^2.3.0"
      }
    },
    "@angular/core": {
      "version": "16.1.4",
      "resolved": "https://registry.npmjs.org/@angular/core/-/core-16.1.4.tgz",
      "integrity": "sha512-eWs++peAp+Lm2SHGfMsHAye2IOmlDKkVJ4dFf4TaZXW+AEev3FXKXLFp+dBUq8YkCKly7iAV26NXEUBOFFtplQ==",
      "peer": true,
      "requires": {
        "tslib": "^2.3.0"
      }
    },
    "@angular/forms": {
      "version": "16.1.4",
      "resolved": "https://registry.npmjs.org/@angular/forms/-/forms-16.1.4.tgz",
      "integrity": "sha512-JLhO7gM0WyTfr6tEWZMiCGikWLgaC/a2+tuxWsSlXUjlrbE4DyLzSAA6JqyDCFTvm9B/QzRPDfgExLTTZJY4eQ==",
      "peer": true,
      "requires": {
        "tslib": "^2.3.0"
      }
    },
    "@angular/platform-browser": {
      "version": "16.1.4",
      "resolved": "https://registry.npmjs.org/@angular/platform-browser/-/platform-browser-16.1.4.tgz",
      "integrity": "sha512-eQ1dBh/6ZwJVeiNGrcW6ePFmWeS+Oheu1RpuZSsvM/fI6qfsZE+or9IJ61SFvsMs65SbrO90Akc+ZXmpEidPdA==",
      "peer": true,
      "requires": {
        "tslib": "^2.3.0"
      }
    },
    "@angular/router": {
      "version": "16.1.4",
      "resolved": "https://registry.npmjs.org/@angular/router/-/router-16.1.4.tgz",
      "integrity": "sha512-ooAK7XsY7fLW80htej9jHmct37biK77aNApCdiY+KlLdd45x//ObGxRYXcSSyvs7mRS0AMTGuA/G7/5AMcqcZg==",
      "peer": true,
      "requires": {
        "tslib": "^2.3.0"
      }
    },
    "@ionic/angular": {
      "version": "7.1.2",
      "resolved": "https://registry.npmjs.org/@ionic/angular/-/angular-7.1.2.tgz",
      "integrity": "sha512-4uR6quaL8HKOHDZuFIVOow1xv6+pW4zKrY6+s78q2SKQd8P+QkPQmZQlVkQfJKk5YwcgZEg2uZox/wOA4qXHEw==",
      "requires": {
        "@ionic/core": "7.1.2",
        "ionicons": "^7.0.0",
        "jsonc-parser": "^3.0.0",
        "tslib": "^2.3.0"
      }
    },
    "@ionic/core": {
      "version": "7.1.2",
      "resolved": "https://registry.npmjs.org/@ionic/core/-/core-7.1.2.tgz",
      "integrity": "sha512-Etq4N/KnKAt4NJU/kI8BwmCSgr2S87xADgJzUD1JxlruUWwX/qAm7ES3gF8BXv9kEKYqhuqLgCHdJM/HnGmWpA==",
      "requires": {
        "@stencil/core": "^3.4.1",
        "ionicons": "7.1.0",
        "tslib": "^2.1.0"
      },
      "dependencies": {
        "ionicons": {
          "version": "7.1.0",
          "resolved": "https://registry.npmjs.org/ionicons/-/ionicons-7.1.0.tgz",
          "integrity": "sha512-iE4GuEdEHARJpp0sWL7WJZCzNCf5VxpNRhAjW0fLnZPnNL5qZOJUcfup2Z2Ty7Jk8Q5hacrHfGEB1lCwOdXqGg==",
          "requires": {
            "@stencil/core": "^2.18.0"
          },
          "dependencies": {
            "@stencil/core": {
              "version": "2.22.3",
              "resolved": "https://registry.npmjs.org/@stencil/core/-/core-2.22.3.tgz",
              "integrity": "sha512-kmVA0M/HojwsfkeHsifvHVIYe4l5tin7J5+DLgtl8h6WWfiMClND5K3ifCXXI2ETDNKiEk21p6jql3Fx9o2rng=="
            }
          }
        }
      }
    },
    "@stencil/core": {
      "version": "3.4.1",
      "resolved": "https://registry.npmjs.org/@stencil/core/-/core-3.4.1.tgz",
      "integrity": "sha512-7rjOmM0W9K5op2gtOQRLERGH1155rv2fm6ppxOzYqqG8ISct4m9skp5XgUBYPu+GSPsJFdRuCIQs0IuVsG/7+g=="
    },
    "ionicons": {
      "version": "7.1.2",
      "resolved": "https://registry.npmjs.org/ionicons/-/ionicons-7.1.2.tgz",
      "integrity": "sha512-zZ4njAqSP39H8RRvZhJvkHsv7cBjYE/VfInH218Osf2UVxJITSOutTTd25MW+tAXKN5fheYzclUXUsF55JHUDg==",
      "requires": {
        "@stencil/core": "^2.18.0"
      },
      "dependencies": {
        "@stencil/core": {
          "version": "2.22.3",
          "resolved": "https://registry.npmjs.org/@stencil/core/-/core-2.22.3.tgz",
          "integrity": "sha512-kmVA0M/HojwsfkeHsifvHVIYe4l5tin7J5+DLgtl8h6WWfiMClND5K3ifCXXI2ETDNKiEk21p6jql3Fx9o2rng=="
        }
      }
    },
    "jsonc-parser": {
      "version": "3.2.0",
      "resolved": "https://registry.npmjs.org/jsonc-parser/-/jsonc-parser-3.2.0.tgz",
      "integrity": "sha512-gfFQZrcTc8CnKXp6Y4/CBT3fTc0OVuDofpre4aEeEpSBPV5X5v4+Vmx+8snU7RLPrNHPKSgLxGo9YuQzz20o+w=="
    },
    "rxjs": {
      "version": "7.8.1",
      "resolved": "https://registry.npmjs.org/rxjs/-/rxjs-7.8.1.tgz",
      "integrity": "sha512-AA3TVj+0A2iuIoQkWEK/tqFjBq2j+6PO6Y0zJcvzLAFhEFIO3HL0vls9hWLncZbAAbK0mar7oZ4V079I/qPMxg==",
      "peer": true,
      "requires": {
        "tslib": "^2.1.0"
      }
    },
    "tslib": {
      "version": "2.6.0",
      "resolved": "https://registry.npmjs.org/tslib/-/tslib-2.6.0.tgz",
      "integrity": "sha512-7At1WUettjcSRHXCyYtTselblcHl9PJFFVKiCAy/bY97+BPZXSQ2wbq0P9s8tK2G7dFQfNnlJnPAiArVBVBsfA=="
    },
    "zone.js": {
      "version": "0.13.1",
      "resolved": "https://registry.npmjs.org/zone.js/-/zone.js-0.13.1.tgz",
      "integrity": "sha512-+bIeDAFEBYuXRuU3qGQvzdPap+N1zjM4KkBAiiQuVVCrHrhjDuY6VkUhNa5+U27+9w0q3fbKiMCbpJ0XzMmSWA==",
      "peer": true,
      "requires": {
        "tslib": "^2.3.0"
      }
    }
  }
}
